<?xml version="1.0" encoding="utf-8"?>
<Project ToolsVersion="4.0" xmlns="http://schemas.microsoft.com/developer/msbuild/2003">
  <ItemGroup>
    <Filter Include="소스 파일">
      <UniqueIdentifier>{4FC737F1-C7A5-4376-A066-2A32D752A2FF}</UniqueIdentifier>
      <Extensions>cpp;c;cc;cxx;def;odl;idl;hpj;bat;asm;asmx</Extensions>
    </Filter>
    <Filter Include="헤더 파일">
      <UniqueIdentifier>{93995380-89BD-4b04-88EB-625FBE52EBFB}</UniqueIdentifier>
      <Extensions>h;hh;hpp;hxx;hm;inl;inc;ipp;xsd</Extensions>
    </Filter>
    <Filter Include="리소스 파일">
      <UniqueIdentifier>{67DA6AB6-F800-4c08-8B7A-83BB121AAD01}</UniqueIdentifier>
      <Extensions>rc;ico;cur;bmp;dlg;rc2;rct;bin;rgs;gif;jpg;jpeg;jpe;resx;tiff;tif;png;wav;mfcribbon-ms</Extensions>
    </Filter>
    <Filter Include="소스 파일\Network">
      <UniqueIdentifier>{44330fbc-9727-4214-a9c3-90c208e47683}</UniqueIdentifier>
    </Filter>
    <Filter Include="소스 파일\Packet">
      <UniqueIdentifier>{b0466b16-cca3-4967-8213-e952a15ffbbf}</UniqueIdentifier>
    </Filter>
    <Filter Include="소스 파일\Session">
      <UniqueIdentifier>{2106b2c4-1bcb-4b73-83f8-917dce95e788}</UniqueIdentifier>
    </Filter>
    <Filter Include="소스 파일\Utils">
      <UniqueIdentifier>{a4bee470-e5d3-471e-b4af-b236a6c2c8c7}</UniqueIdentifier>
    </Filter>
    <Filter Include="소스 파일\Socket">
      <UniqueIdentifier>{32220b9a-7b7b-4d25-abfb-78f071c9bae6}</UniqueIdentifier>
    </Filter>
    <Filter Include="헤더 파일\Network">
      <UniqueIdentifier>{26fabe60-c018-4ecc-aaa8-fa429ad2a562}</UniqueIdentifier>
    </Filter>
    <Filter Include="헤더 파일\Socket">
      <UniqueIdentifier>{12d0a055-d9fa-46d2-868b-47ce90cf95eb}</UniqueIdentifier>
    </Filter>
    <Filter Include="헤더 파일\Utils">
      <UniqueIdentifier>{1cfa4c05-3c6d-4de5-8e41-5eab833be514}</UniqueIdentifier>
    </Filter>
    <Filter Include="헤더 파일\Session">
      <UniqueIdentifier>{9c77ef9b-dbeb-4332-ae98-7d1d9b7ef999}</UniqueIdentifier>
    </Filter>
    <Filter Include="헤더 파일\Packet">
      <UniqueIdentifier>{5afecd6b-956b-41eb-af7b-334331e2ef61}</UniqueIdentifier>
    </Filter>
    <Filter Include="소스 파일\Protocol">
      <UniqueIdentifier>{6bdf03e8-6cc0-43e0-a52c-20ca46f14fd3}</UniqueIdentifier>
    </Filter>
    <Filter Include="헤더 파일\Protocol">
      <UniqueIdentifier>{0e508d11-add0-4a35-882d-7b248afb348f}</UniqueIdentifier>
    </Filter>
    <Filter Include="헤더 파일\Thread">
      <UniqueIdentifier>{acf709c8-2895-49f0-98e9-1878cb7e9220}</UniqueIdentifier>
    </Filter>
    <Filter Include="소스 파일\Thread">
      <UniqueIdentifier>{ad9ad2b8-44ee-44d7-9f5e-0ecd4d0aafc4}</UniqueIdentifier>
    </Filter>
    <Filter Include="소스 파일\Player">
      <UniqueIdentifier>{c58468d0-55ad-4ce5-8dd2-412c32a4df7f}</UniqueIdentifier>
    </Filter>
    <Filter Include="헤더 파일\Player">
      <UniqueIdentifier>{f5a8e2e6-eab6-4774-a248-cbbf0784b2f4}</UniqueIdentifier>
    </Filter>
    <Filter Include="헤더 파일\Lobby">
      <UniqueIdentifier>{ced777c2-2a9f-4a55-98dc-30735e13a83d}</UniqueIdentifier>
    </Filter>
    <Filter Include="소스 파일\Lobby">
      <UniqueIdentifier>{2e028b7b-ec87-4fb0-9bf4-44f8da5acc41}</UniqueIdentifier>
    </Filter>
    <Filter Include="헤더 파일\Game">
      <UniqueIdentifier>{0eb90a4d-4387-40e3-894c-4748e0d25d07}</UniqueIdentifier>
    </Filter>
    <Filter Include="헤더 파일\Room">
      <UniqueIdentifier>{92df90a5-e975-4f6c-ac43-e2102152dd04}</UniqueIdentifier>
    </Filter>
    <Filter Include="소스 파일\Room">
      <UniqueIdentifier>{82520730-7208-4580-8675-70a55ba369b4}</UniqueIdentifier>
    </Filter>
    <Filter Include="소스 파일\Game">
      <UniqueIdentifier>{f9e883b9-e4d3-468e-8f84-a728a29ab92c}</UniqueIdentifier>
    </Filter>
  </ItemGroup>
  <ItemGroup>
    <ClInclude Include="Library.h">
      <Filter>헤더 파일</Filter>
    </ClInclude>
    <ClInclude Include="Network.h">
      <Filter>헤더 파일\Network</Filter>
    </ClInclude>
    <ClInclude Include="IOCP.h">
      <Filter>헤더 파일\Network</Filter>
    </ClInclude>
    <ClInclude Include="NetworkSession.h">
      <Filter>헤더 파일\Session</Filter>
    </ClInclude>
    <ClInclude Include="TcpSession.h">
      <Filter>헤더 파일\Session</Filter>
    </ClInclude>
    <ClInclude Include="TcpConnector.h">
      <Filter>헤더 파일\Session</Filter>
    </ClInclude>
    <ClInclude Include="UdpSession.h">
      <Filter>헤더 파일\Session</Filter>
    </ClInclude>
    <ClInclude Include="RawSocket.h">
      <Filter>헤더 파일\Socket</Filter>
    </ClInclude>
    <ClInclude Include="TcpSocket.h">
      <Filter>헤더 파일\Socket</Filter>
    </ClInclude>
    <ClInclude Include="UdpSocket.h">
      <Filter>헤더 파일\Socket</Filter>
    </ClInclude>
    <ClInclude Include="Locker.h">
      <Filter>헤더 파일\Utils</Filter>
    </ClInclude>
    <ClInclude Include="TcpAcceptor.h">
      <Filter>헤더 파일\Session</Filter>
    </ClInclude>
    <ClInclude Include="PacketFactory.h">
      <Filter>헤더 파일\Packet</Filter>
    </ClInclude>
    <ClInclude Include="MemoryStream.h">
      <Filter>헤더 파일\Utils</Filter>
    </ClInclude>
    <ClInclude Include="TcpPacket.h">
      <Filter>헤더 파일\Packet</Filter>
    </ClInclude>
    <ClInclude Include="Protocol.h">
      <Filter>헤더 파일\Protocol</Filter>
    </ClInclude>
    <ClInclude Include="ProtocolManager.h">
      <Filter>헤더 파일\Protocol</Filter>
    </ClInclude>
    <ClInclude Include="Package.h">
      <Filter>헤더 파일\Protocol</Filter>
    </ClInclude>
    <ClInclude Include="StreamBuffer.h">
      <Filter>헤더 파일\Utils</Filter>
    </ClInclude>
    <ClInclude Include="Singleton.h">
      <Filter>헤더 파일\Utils</Filter>
    </ClInclude>
    <ClInclude Include="SystemThread.h">
      <Filter>헤더 파일\Thread</Filter>
    </ClInclude>
    <ClInclude Include="TestThread.h">
      <Filter>헤더 파일\Thread</Filter>
    </ClInclude>
    <ClInclude Include="ThreadAttribute.h">
      <Filter>헤더 파일\Thread</Filter>
    </ClInclude>
    <ClInclude Include="IocpWorkerThread.h">
      <Filter>헤더 파일\Thread</Filter>
    </ClInclude>
    <ClInclude Include="AcceptThread.h">
      <Filter>헤더 파일\Thread</Filter>
    </ClInclude>
    <ClInclude Include="uuid4.h">
      <Filter>헤더 파일\Utils</Filter>
    </ClInclude>
    <ClInclude Include="Utils.h">
      <Filter>헤더 파일\Utils</Filter>
    </ClInclude>
    <ClInclude Include="SenderThread.h">
      <Filter>헤더 파일\Thread</Filter>
    </ClInclude>
    <ClInclude Include="JsonManager.h">
      <Filter>헤더 파일\Utils</Filter>
    </ClInclude>
    <ClInclude Include="Settings.h">
      <Filter>헤더 파일\Utils</Filter>
    </ClInclude>
    <ClInclude Include="UserDB.h">
      <Filter>헤더 파일\Utils</Filter>
    </ClInclude>
    <ClInclude Include="Defines.h">
      <Filter>헤더 파일</Filter>
    </ClInclude>
    <ClInclude Include="Player.h">
      <Filter>헤더 파일\Player</Filter>
    </ClInclude>
    <ClInclude Include="PlayerManager.h">
      <Filter>헤더 파일\Player</Filter>
    </ClInclude>
    <ClInclude Include="LobbyPacketData.h">
      <Filter>헤더 파일\Packet</Filter>
    </ClInclude>
    <ClInclude Include="LoginPacketData.h">
      <Filter>헤더 파일\Packet</Filter>
    </ClInclude>
    <ClInclude Include="TestPacketData.h">
      <Filter>헤더 파일\Packet</Filter>
    </ClInclude>
    <ClInclude Include="Lobby.h">
      <Filter>헤더 파일\Lobby</Filter>
    </ClInclude>
    <ClInclude Include="RoomPacketData.h">
      <Filter>헤더 파일\Packet</Filter>
    </ClInclude>
    <ClInclude Include="Game.h">
      <Filter>헤더 파일\Game</Filter>
    </ClInclude>
    <ClInclude Include="GamePlayer.h">
      <Filter>헤더 파일\Game</Filter>
    </ClInclude>
    <ClInclude Include="GameManager.h">
      <Filter>헤더 파일\Game</Filter>
    </ClInclude>
    <ClInclude Include="GamePacketData.h">
      <Filter>헤더 파일\Packet</Filter>
    </ClInclude>
    <ClInclude Include="RoomManager.h">
      <Filter>헤더 파일\Room</Filter>
    </ClInclude>
    <ClInclude Include="Room.h">
      <Filter>헤더 파일\Room</Filter>
    </ClInclude>
    <ClInclude Include="RoomPlayer.h">
      <Filter>헤더 파일\Room</Filter>
    </ClInclude>
    <ClInclude Include="HeartBeatCheckThread.h">
      <Filter>헤더 파일\Thread</Filter>
    </ClInclude>
    <ClInclude Include="ProcessPacketThread.h">
      <Filter>헤더 파일\Thread</Filter>
    </ClInclude>
  </ItemGroup>
  <ItemGroup>
    <ClCompile Include="Network.cpp">
      <Filter>소스 파일\Network</Filter>
    </ClCompile>
    <ClCompile Include="IOCP.cpp">
      <Filter>소스 파일\Network</Filter>
    </ClCompile>
    <ClCompile Include="RawSocket.cpp">
      <Filter>소스 파일\Socket</Filter>
    </ClCompile>
    <ClCompile Include="TcpSocket.cpp">
      <Filter>소스 파일\Socket</Filter>
    </ClCompile>
    <ClCompile Include="UdpSocket.cpp">
      <Filter>소스 파일\Socket</Filter>
    </ClCompile>
    <ClCompile Include="NetworkSession.cpp">
      <Filter>소스 파일\Session</Filter>
    </ClCompile>
    <ClCompile Include="TcpSession.cpp">
      <Filter>소스 파일\Session</Filter>
    </ClCompile>
    <ClCompile Include="TcpConnector.cpp">
      <Filter>소스 파일\Session</Filter>
    </ClCompile>
    <ClCompile Include="UdpSession.cpp">
      <Filter>소스 파일\Session</Filter>
    </ClCompile>
    <ClCompile Include="Locker.cpp">
      <Filter>소스 파일\Utils</Filter>
    </ClCompile>
    <ClCompile Include="TcpAcceptor.cpp">
      <Filter>소스 파일\Session</Filter>
    </ClCompile>
    <ClCompile Include="PacketFactory.cpp">
      <Filter>소스 파일\Packet</Filter>
    </ClCompile>
    <ClCompile Include="MemoryStream.cpp">
      <Filter>소스 파일\Utils</Filter>
    </ClCompile>
    <ClCompile Include="ProtocolManager.cpp">
      <Filter>소스 파일\Protocol</Filter>
    </ClCompile>
    <ClCompile Include="TcpPacket.cpp">
      <Filter>소스 파일\Packet</Filter>
    </ClCompile>
    <ClCompile Include="StreamBuffer.cpp">
      <Filter>소스 파일\Utils</Filter>
    </ClCompile>
    <ClCompile Include="TestThread.cpp">
      <Filter>소스 파일\Thread</Filter>
    </ClCompile>
    <ClCompile Include="ThreadAttribute.cpp">
      <Filter>소스 파일\Thread</Filter>
    </ClCompile>
    <ClCompile Include="SystemThread.cpp">
      <Filter>소스 파일\Thread</Filter>
    </ClCompile>
    <ClCompile Include="IocpWorkerThread.cpp">
      <Filter>소스 파일\Thread</Filter>
    </ClCompile>
    <ClCompile Include="AcceptThread.cpp">
      <Filter>소스 파일\Thread</Filter>
    </ClCompile>
    <ClCompile Include="uuid4.c">
      <Filter>소스 파일\Utils</Filter>
    </ClCompile>
    <ClCompile Include="Utils.cpp">
      <Filter>소스 파일\Utils</Filter>
    </ClCompile>
    <ClCompile Include="SenderThread.cpp">
      <Filter>소스 파일\Thread</Filter>
    </ClCompile>
    <ClCompile Include="JsonManager.cpp">
      <Filter>소스 파일\Utils</Filter>
    </ClCompile>
    <ClCompile Include="Settings.cpp">
      <Filter>소스 파일\Utils</Filter>
    </ClCompile>
    <ClCompile Include="UserDB.cpp">
      <Filter>소스 파일\Utils</Filter>
    </ClCompile>
    <ClCompile Include="Player.cpp">
      <Filter>소스 파일\Player</Filter>
    </ClCompile>
    <ClCompile Include="PlayerManager.cpp">
      <Filter>소스 파일\Player</Filter>
    </ClCompile>
    <ClCompile Include="TestPacketData.cpp">
      <Filter>소스 파일\Packet</Filter>
    </ClCompile>
    <ClCompile Include="LoginPacketData.cpp">
      <Filter>소스 파일\Packet</Filter>
    </ClCompile>
    <ClCompile Include="LobbyPacketData.cpp">
      <Filter>소스 파일\Packet</Filter>
    </ClCompile>
    <ClCompile Include="LobbyProtocol.cpp">
      <Filter>소스 파일\Protocol</Filter>
    </ClCompile>
    <ClCompile Include="LoginProtocol.cpp">
      <Filter>소스 파일\Protocol</Filter>
    </ClCompile>
    <ClCompile Include="TestProtocol.cpp">
      <Filter>소스 파일\Protocol</Filter>
    </ClCompile>
    <ClCompile Include="Lobby.cpp">
      <Filter>소스 파일\Lobby</Filter>
    </ClCompile>
    <ClCompile Include="RoomPacketData.cpp">
      <Filter>소스 파일\Packet</Filter>
    </ClCompile>
    <ClCompile Include="RoomProtocol.cpp">
      <Filter>소스 파일\Protocol</Filter>
    </ClCompile>
    <ClCompile Include="GameProtocol.cpp">
      <Filter>소스 파일\Protocol</Filter>
    </ClCompile>
    <ClCompile Include="Game.cpp">
      <Filter>소스 파일\Game</Filter>
    </ClCompile>
    <ClCompile Include="GamePlayer.cpp">
      <Filter>소스 파일\Game</Filter>
    </ClCompile>
    <ClCompile Include="GameManager.cpp">
      <Filter>소스 파일\Game</Filter>
    </ClCompile>
    <ClCompile Include="GamePacketData.cpp">
      <Filter>소스 파일\Packet</Filter>
    </ClCompile>
    <ClCompile Include="RoomManager.cpp">
      <Filter>소스 파일\Room</Filter>
    </ClCompile>
    <ClCompile Include="Room.cpp">
      <Filter>소스 파일\Room</Filter>
    </ClCompile>
    <ClCompile Include="RoomPlayer.cpp">
      <Filter>소스 파일\Room</Filter>
    </ClCompile>
    <ClCompile Include="Main.cpp">
      <Filter>소스 파일</Filter>
    </ClCompile>
    <ClCompile Include="HeartBeatCheckThread.cpp">
      <Filter>소스 파일\Thread</Filter>
    </ClCompile>
    <ClCompile Include="ProcessPacketThread.cpp">
      <Filter>소스 파일\Thread</Filter>
    </ClCompile>
  </ItemGroup>
</Project>